<?xml version="1.0" encoding="UTF-8" standalone="yes" ?>
<CodeBlocks_project_file>
	<FileVersion major="1" minor="6" />
	<Project>
		<Option title="forest_fire_forecasting_client" />
		<Option pch_mode="2" />
		<Option compiler="gcc" />
		<Build>
			<Target title="Debug">
				<Option output="bin/Debug/forest_fire_forecasting_client" prefix_auto="1" extension_auto="1" />
				<Option object_output="obj/Debug/" />
				<Option type="1" />
				<Option compiler="gcc" />
				<Compiler>
					<Add option="-std=c++11" />
					<Add option="-g" />
					<Add directory="include" />
				</Compiler>
				<Linker>
					<Add option="-Wl,--no-as-needed" />
					<Add option="-pthread" />
				</Linker>
			</Target>
			<Target title="Release">
				<Option output="bin/Release/forest_fire_forecasting_client" prefix_auto="1" extension_auto="1" />
				<Option object_output="obj/Release/" />
				<Option type="1" />
				<Option compiler="gcc" />
				<Compiler>
					<Add option="-O2" />
					<Add directory="include" />
				</Compiler>
				<Linker>
					<Add option="-s" />
				</Linker>
			</Target>
		</Build>
		<Compiler>
			<Add option="-Wall" />
			<Add option="-fexceptions" />
			<Add option="-pthread" />
			<Add option="-lgtest" />
		</Compiler>
		<Linker>
			<Add option="-pthread" />
			<Add option="-lgtest" />
		</Linker>
		<Unit filename="forest_fire_forecasting_client.depend" />
		<Unit filename="forest_fire_forecasting_client.layout" />
		<Unit filename="include/ApplicationHelper.h" />
		<Unit filename="include/IParser.h" />
		<Unit filename="include/ISensor.h" />
		<Unit filename="include/NetworkClient.h" />
		<Unit filename="include/RawDataParser.h" />
		<Unit filename="include/SocketConnection.h" />
		<Unit filename="include/TemperatureNode.h" />
		<Unit filename="include/TemperatureNodeTest.h" />
		<Unit filename="main.cpp" />
		<Unit filename="src/ApplicationHelper.cpp" />
		<Unit filename="src/IParser.cpp" />
		<Unit filename="src/ISensor.cpp" />
		<Unit filename="src/NetworkClient.cpp" />
		<Unit filename="src/RawDataParser.cpp" />
		<Unit filename="src/SocketConnection.cpp" />
		<Unit filename="src/TemperatureNode.cpp" />
		<Unit filename="src/TemperatureNodeTest.cpp" />
		<Extensions />
	</Project>
</CodeBlocks_project_file>
