<?xml version="1.0" encoding="UTF-8" standalone="yes" ?>
<CodeBlocks_project_file>
	<FileVersion major="1" minor="6" />
	<Project>
		<Option title="forest_fire_forecasting_server" />
		<Option pch_mode="2" />
		<Option compiler="gcc" />
		<Build>
			<Target title="Debug">
				<Option output="bin/Debug/forest_fire_forecasting_server" prefix_auto="1" extension_auto="1" />
				<Option object_output="obj/Debug/" />
				<Option type="1" />
				<Option compiler="gcc" />
				<Compiler>
					<Add option="-g" />
					<Add option="-pthread" />
					<Add directory="include" />
				</Compiler>
			</Target>
			<Target title="Release">
				<Option output="bin/Release/forest_fire_forecasting_server" prefix_auto="1" extension_auto="1" />
				<Option object_output="obj/Release/" />
				<Option type="1" />
				<Option compiler="gcc" />
				<Compiler>
					<Add option="-O2" />
					<Add directory="include" />
				</Compiler>
				<Linker>
					<Add option="-s" />
				</Linker>
			</Target>
		</Build>
		<Compiler>
			<Add option="-Wall" />
			<Add option="-fexceptions" />
		</Compiler>
		<Unit filename="forest_fire_forecasting_server.depend" />
		<Unit filename="include/NetworkServer.h" />
		<Unit filename="include/SocketConnection.h" />
		<Unit filename="include/TemperatureSensor.h" />
		<Unit filename="main.cpp">
			<Option compiler="gcc" use="1" buildCommand="g++ main.cpp -o main -pthread" />
		</Unit>
		<Unit filename="src/NetworkServer.cpp" />
		<Unit filename="src/SocketConnection.cpp" />
		<Unit filename="src/TemperatureSensor.cpp" />
		<Extensions />
	</Project>
</CodeBlocks_project_file>
